[root]
name = "mrh"
version = "0.1.0"
dependencies = [
 "git2 0.6.6 (registry+https://github.com/rust-lang/crates.io-index)",
 "walkdir 1.0.7 (registry+https://github.com/rust-lang/crates.io-index)",
]

[[package]]
name = "bitflags"
version = "0.9.1"
source = "registry+https://github.com/rust-lang/crates.io-index"

[[package]]
name = "cmake"
version = "0.1.24"
source = "registry+https://github.com/rust-lang/crates.io-index"
dependencies = [
 "gcc 0.3.51 (registry+https://github.com/rust-lang/crates.io-index)",
]

[[package]]
name = "curl-sys"
version = "0.3.14"
source = "registry+https://github.com/rust-lang/crates.io-index"
dependencies = [
 "gcc 0.3.51 (registry+https://github.com/rust-lang/crates.io-index)",
 "libc 0.2.29 (registry+https://github.com/rust-lang/crates.io-index)",
 "libz-sys 1.0.16 (registry+https://github.com/rust-lang/crates.io-index)",
 "openssl-sys 0.9.15 (registry+https://github.com/rust-lang/crates.io-index)",
 "pkg-config 0.3.9 (registry+https://github.com/rust-lang/crates.io-index)",
 "vcpkg 0.2.2 (registry+https://github.com/rust-lang/crates.io-index)",
 "winapi 0.2.8 (registry+https://github.com/rust-lang/crates.io-index)",
]

[[package]]
name = "gcc"
version = "0.3.51"
source = "registry+https://github.com/rust-lang/crates.io-index"

[[package]]
name = "git2"
version = "0.6.6"
source = "registry+https://github.com/rust-lang/crates.io-index"
dependencies = [
 "bitflags 0.9.1 (registry+https://github.com/rust-lang/crates.io-index)",
 "libc 0.2.29 (registry+https://github.com/rust-lang/crates.io-index)",
 "libgit2-sys 0.6.13 (registry+https://github.com/rust-lang/crates.io-index)",
 "openssl-probe 0.1.1 (registry+https://github.com/rust-lang/crates.io-index)",
 "openssl-sys 0.9.15 (registry+https://github.com/rust-lang/crates.io-index)",
 "url 1.5.1 (registry+https://github.com/rust-lang/crates.io-index)",
]

[[package]]
name = "idna"
version = "0.1.4"
source = "registry+https://github.com/rust-lang/crates.io-index"
dependencies = [
 "matches 0.1.6 (registry+https://github.com/rust-lang/crates.io-index)",
 "unicode-bidi 0.3.4 (registry+https://github.com/rust-lang/crates.io-index)",
 "unicode-normalization 0.1.5 (registry+https://github.com/rust-lang/crates.io-index)",
]

[[package]]
name = "kernel32-sys"
version = "0.2.2"
source = "registry+https://github.com/rust-lang/crates.io-index"
dependencies = [
 "winapi 0.2.8 (registry+https://github.com/rust-lang/crates.io-index)",
 "winapi-build 0.1.1 (registry+https://github.com/rust-lang/crates.io-index)",
]

[[package]]
name = "libc"
version = "0.2.29"
source = "registry+https://github.com/rust-lang/crates.io-index"

[[package]]
name = "libgit2-sys"
version = "0.6.13"
source = "registry+https://github.com/rust-lang/crates.io-index"
dependencies = [
 "cmake 0.1.24 (registry+https://github.com/rust-lang/crates.io-index)",
 "curl-sys 0.3.14 (registry+https://github.com/rust-lang/crates.io-index)",
 "gcc 0.3.51 (registry+https://github.com/rust-lang/crates.io-index)",
 "libc 0.2.29 (registry+https://github.com/rust-lang/crates.io-index)",
 "libssh2-sys 0.2.6 (registry+https://github.com/rust-lang/crates.io-index)",
 "libz-sys 1.0.16 (registry+https://github.com/rust-lang/crates.io-index)",
 "openssl-sys 0.9.15 (registry+https://github.com/rust-lang/crates.io-index)",
 "pkg-config 0.3.9 (registry+https://github.com/rust-lang/crates.io-index)",
]

[[package]]
name = "libssh2-sys"
version = "0.2.6"
source = "registry+https://github.com/rust-lang/crates.io-index"
dependencies = [
 "cmake 0.1.24 (registry+https://github.com/rust-lang/crates.io-index)",
 "libc 0.2.29 (registry+https://github.com/rust-lang/crates.io-index)",
 "libz-sys 1.0.16 (registry+https://github.com/rust-lang/crates.io-index)",
 "openssl-sys 0.9.15 (registry+https://github.com/rust-lang/crates.io-index)",
 "pkg-config 0.3.9 (registry+https://github.com/rust-lang/crates.io-index)",
]

[[package]]
name = "libz-sys"
version = "1.0.16"
source = "registry+https://github.com/rust-lang/crates.io-index"
dependencies = [
 "gcc 0.3.51 (registry+https://github.com/rust-lang/crates.io-index)",
 "libc 0.2.29 (registry+https://github.com/rust-lang/crates.io-index)",
 "pkg-config 0.3.9 (registry+https://github.com/rust-lang/crates.io-index)",
 "vcpkg 0.2.2 (registry+https://github.com/rust-lang/crates.io-index)",
]

[[package]]
name = "matches"
version = "0.1.6"
source = "registry+https://github.com/rust-lang/crates.io-index"

[[package]]
name = "openssl-probe"
version = "0.1.1"
source = "registry+https://github.com/rust-lang/crates.io-index"

[[package]]
name = "openssl-sys"
version = "0.9.15"
source = "registry+https://github.com/rust-lang/crates.io-index"
dependencies = [
 "gcc 0.3.51 (registry+https://github.com/rust-lang/crates.io-index)",
 "libc 0.2.29 (registry+https://github.com/rust-lang/crates.io-index)",
 "pkg-config 0.3.9 (registry+https://github.com/rust-lang/crates.io-index)",
]

[[package]]
name = "percent-encoding"
version = "1.0.0"
source = "registry+https://github.com/rust-lang/crates.io-index"

[[package]]
name = "pkg-config"
version = "0.3.9"
source = "registry+https://github.com/rust-lang/crates.io-index"

[[package]]
name = "same-file"
version = "0.1.3"
source = "registry+https://github.com/rust-lang/crates.io-index"
dependencies = [
 "kernel32-sys 0.2.2 (registry+https://github.com/rust-lang/crates.io-index)",
 "winapi 0.2.8 (registry+https://github.com/rust-lang/crates.io-index)",
]

[[package]]
name = "unicode-bidi"
version = "0.3.4"
source = "registry+https://github.com/rust-lang/crates.io-index"
dependencies = [
 "matches 0.1.6 (registry+https://github.com/rust-lang/crates.io-index)",
]

[[package]]
name = "unicode-normalization"
version = "0.1.5"
source = "registry+https://github.com/rust-lang/crates.io-index"

[[package]]
name = "url"
version = "1.5.1"
source = "registry+https://github.com/rust-lang/crates.io-index"
dependencies = [
 "idna 0.1.4 (registry+https://github.com/rust-lang/crates.io-index)",
 "matches 0.1.6 (registry+https://github.com/rust-lang/crates.io-index)",
 "percent-encoding 1.0.0 (registry+https://github.com/rust-lang/crates.io-index)",
]

[[package]]
name = "vcpkg"
version = "0.2.2"
source = "registry+https://github.com/rust-lang/crates.io-index"

[[package]]
name = "walkdir"
version = "1.0.7"
source = "registry+https://github.com/rust-lang/crates.io-index"
dependencies = [
 "kernel32-sys 0.2.2 (registry+https://github.com/rust-lang/crates.io-index)",
 "same-file 0.1.3 (registry+https://github.com/rust-lang/crates.io-index)",
 "winapi 0.2.8 (registry+https://github.com/rust-lang/crates.io-index)",
]

[[package]]
name = "winapi"
version = "0.2.8"
source = "registry+https://github.com/rust-lang/crates.io-index"

[[package]]
name = "winapi-build"
version = "0.1.1"
source = "registry+https://github.com/rust-lang/crates.io-index"

[metadata]
"checksum bitflags 0.9.1 (registry+https://github.com/rust-lang/crates.io-index)" = "4efd02e230a02e18f92fc2735f44597385ed02ad8f831e7c1c1156ee5e1ab3a5"
"checksum cmake 0.1.24 (registry+https://github.com/rust-lang/crates.io-index)" = "b8ebbb35d3dc9cd09497168f33de1acb79b265d350ab0ac34133b98f8509af1f"
"checksum curl-sys 0.3.14 (registry+https://github.com/rust-lang/crates.io-index)" = "d5481162dc4f424d088581db2f979fa7d4c238fe9794595de61d8d7522e277de"
"checksum gcc 0.3.51 (registry+https://github.com/rust-lang/crates.io-index)" = "120d07f202dcc3f72859422563522b66fe6463a4c513df062874daad05f85f0a"
"checksum git2 0.6.6 (registry+https://github.com/rust-lang/crates.io-index)" = "aa01936ac96555c083c0e8553f672616274408d9d3fc5b8696603fbf63ff43ee"
"checksum idna 0.1.4 (registry+https://github.com/rust-lang/crates.io-index)" = "014b298351066f1512874135335d62a789ffe78a9974f94b43ed5621951eaf7d"
"checksum kernel32-sys 0.2.2 (registry+https://github.com/rust-lang/crates.io-index)" = "7507624b29483431c0ba2d82aece8ca6cdba9382bff4ddd0f7490560c056098d"
"checksum libc 0.2.29 (registry+https://github.com/rust-lang/crates.io-index)" = "8a014d9226c2cc402676fbe9ea2e15dd5222cd1dd57f576b5b283178c944a264"
"checksum libgit2-sys 0.6.13 (registry+https://github.com/rust-lang/crates.io-index)" = "0f1641ccb55181967a3e5ee4ae2911c0563492f016383ea67a27886181de088c"
"checksum libssh2-sys 0.2.6 (registry+https://github.com/rust-lang/crates.io-index)" = "0db4ec23611747ef772db1c4d650f8bd762f07b461727ec998f953c614024b75"
"checksum libz-sys 1.0.16 (registry+https://github.com/rust-lang/crates.io-index)" = "3fdd64ef8ee652185674455c1d450b83cbc8ad895625d543b5324d923f82e4d8"
"checksum matches 0.1.6 (registry+https://github.com/rust-lang/crates.io-index)" = "100aabe6b8ff4e4a7e32c1c13523379802df0772b82466207ac25b013f193376"
"checksum openssl-probe 0.1.1 (registry+https://github.com/rust-lang/crates.io-index)" = "d98df0270d404ccd3c050a41d579c52d1db15375168bb3471e04ec0f5f378daf"
"checksum openssl-sys 0.9.15 (registry+https://github.com/rust-lang/crates.io-index)" = "ad95f8160d1c150c4f44d4c4959732e048ac046c37f597fe362f8bf57561ffb4"
"checksum percent-encoding 1.0.0 (registry+https://github.com/rust-lang/crates.io-index)" = "de154f638187706bde41d9b4738748933d64e6b37bdbffc0b47a97d16a6ae356"
"checksum pkg-config 0.3.9 (registry+https://github.com/rust-lang/crates.io-index)" = "3a8b4c6b8165cd1a1cd4b9b120978131389f64bdaf456435caa41e630edba903"
"checksum same-file 0.1.3 (registry+https://github.com/rust-lang/crates.io-index)" = "d931a44fdaa43b8637009e7632a02adc4f2b2e0733c08caa4cf00e8da4a117a7"
"checksum unicode-bidi 0.3.4 (registry+https://github.com/rust-lang/crates.io-index)" = "49f2bd0c6468a8230e1db229cff8029217cf623c767ea5d60bfbd42729ea54d5"
"checksum unicode-normalization 0.1.5 (registry+https://github.com/rust-lang/crates.io-index)" = "51ccda9ef9efa3f7ef5d91e8f9b83bbe6955f9bf86aec89d5cce2c874625920f"
"checksum url 1.5.1 (registry+https://github.com/rust-lang/crates.io-index)" = "eeb819346883532a271eb626deb43c4a1bb4c4dd47c519bd78137c3e72a4fe27"
"checksum vcpkg 0.2.2 (registry+https://github.com/rust-lang/crates.io-index)" = "9e0a7d8bed3178a8fb112199d466eeca9ed09a14ba8ad67718179b4fd5487d0b"
"checksum walkdir 1.0.7 (registry+https://github.com/rust-lang/crates.io-index)" = "bb08f9e670fab86099470b97cd2b252d6527f0b3cc1401acdb595ffc9dd288ff"
"checksum winapi 0.2.8 (registry+https://github.com/rust-lang/crates.io-index)" = "167dc9d6949a9b857f3451275e911c3f44255842c1f7a76f33c55103a909087a"
"checksum winapi-build 0.1.1 (registry+https://github.com/rust-lang/crates.io-index)" = "2d315eee3b34aca4797b2da6b13ed88266e6d612562a0c46390af8299fc699bc"
